Microsoft Visual Studio Solution File, Format Version 12.00
# Visual Studio Version 17
VisualStudioVersion = 17.0.31423.177
MinimumVisualStudioVersion = 10.0.40219.1
Project("{2150E333-8FDC-42A3-9474-1A3956D46DE8}") = "Source", "Source", "{57BAE1BC-D418-4A95-B292-C0E9324B0A54}"
EndProject
Project("{2150E333-8FDC-42A3-9474-1A3956D46DE8}") = "Solution Items", "Solution Items", "{FBD2504D-975E-4B64-B938-7DDD19C7DB9D}"
	ProjectSection(SolutionItems) = preProject
		BoxedApp\.dockerignore = BoxedApp\.dockerignore
		BoxedApp\.editorconfig = BoxedApp\.editorconfig
		BoxedApp\.gitattributes = BoxedApp\.gitattributes
		BoxedApp\.gitignore = BoxedApp\.gitignore
		BoxedApp\build.cake = BoxedApp\build.cake
		BoxedApp\Directory.Build.props = BoxedApp\Directory.Build.props
		BoxedApp\dotnet-tools.json = BoxedApp\dotnet-tools.json
		BoxedApp\global.json = BoxedApp\global.json
	EndProjectSection
EndProject
Project("{2150E333-8FDC-42A3-9474-1A3956D46DE8}") = "Documentation", "Documentation", "{60E0F62E-605A-48F2-BFCA-C63B45AB6335}"
	ProjectSection(SolutionItems) = preProject
		BoxedApp\README.md = BoxedApp\README.md
	EndProjectSection
EndProject
Project("{9A19103F-16F7-4668-BE54-9A1E7A4F7556}") = "BoxedApp", "BoxedApp\Source\BoxedApp\BoxedApp.csproj", "{A26B77DF-5F3E-4974-AF63-21DCAD71E6D0}"
EndProject
Project("{2150E333-8FDC-42A3-9474-1A3956D46DE8}") = ".github", ".github", "{B4493FEA-D330-453B-ACDA-8CAE2F6451CC}"
	ProjectSection(SolutionItems) = preProject
		BoxedApp\.github\dependabot.yml = BoxedApp\.github\dependabot.yml
		BoxedApp\.github\release-drafter.yml = BoxedApp\.github\release-drafter.yml
	EndProjectSection
EndProject
Project("{2150E333-8FDC-42A3-9474-1A3956D46DE8}") = "workflows", "workflows", "{1CBCA0EF-D16C-4BE6-9577-A0FC67E8B5F1}"
	ProjectSection(SolutionItems) = preProject
		BoxedApp\.github\workflows\build.yml = BoxedApp\.github\workflows\build.yml
		BoxedApp\.github\workflows\codeql-analysis.yml = BoxedApp\.github\workflows\codeql-analysis.yml
		BoxedApp\.github\workflows\release-drafter.yml = BoxedApp\.github\workflows\release-drafter.yml
	EndProjectSection
EndProject
Project("{2150E333-8FDC-42A3-9474-1A3956D46DE8}") = ".github", ".github", "{E5422D5C-ABD4-4150-BDF6-B823D746D157}"
	ProjectSection(SolutionItems) = preProject
		BoxedApp\.github\CODE_OF_CONDUCT.md = BoxedApp\.github\CODE_OF_CONDUCT.md
		BoxedApp\.github\CONTRIBUTING.md = BoxedApp\.github\CONTRIBUTING.md
		BoxedApp\.github\PULL_REQUEST_TEMPLATE.md = BoxedApp\.github\PULL_REQUEST_TEMPLATE.md
		BoxedApp\.github\SECURITY.md = BoxedApp\.github\SECURITY.md
	EndProjectSection
EndProject
Project("{2150E333-8FDC-42A3-9474-1A3956D46DE8}") = "ISSUE_TEMPLATE", "ISSUE_TEMPLATE", "{5C84BC3D-BEFC-4CC2-85B8-C3C4E286368A}"
	ProjectSection(SolutionItems) = preProject
		BoxedApp\.github\ISSUE_TEMPLATE\BUG_REPORT.yml = BoxedApp\.github\ISSUE_TEMPLATE\BUG_REPORT.yml
		BoxedApp\.github\ISSUE_TEMPLATE\FEATURE_REQUEST.yml = BoxedApp\.github\ISSUE_TEMPLATE\FEATURE_REQUEST.yml
	EndProjectSection
EndProject
Global
	GlobalSection(SolutionConfigurationPlatforms) = preSolution
		Debug|Any CPU = Debug|Any CPU
		Release|Any CPU = Release|Any CPU
	EndGlobalSection
	GlobalSection(ProjectConfigurationPlatforms) = postSolution
		{A26B77DF-5F3E-4974-AF63-21DCAD71E6D0}.Debug|Any CPU.ActiveCfg = Debug|Any CPU
		{A26B77DF-5F3E-4974-AF63-21DCAD71E6D0}.Debug|Any CPU.Build.0 = Debug|Any CPU
		{A26B77DF-5F3E-4974-AF63-21DCAD71E6D0}.Release|Any CPU.ActiveCfg = Release|Any CPU
		{A26B77DF-5F3E-4974-AF63-21DCAD71E6D0}.Release|Any CPU.Build.0 = Release|Any CPU
	EndGlobalSection
	GlobalSection(SolutionProperties) = preSolution
		HideSolutionNode = FALSE
	EndGlobalSection
	GlobalSection(NestedProjects) = preSolution
		{A26B77DF-5F3E-4974-AF63-21DCAD71E6D0} = {57BAE1BC-D418-4A95-B292-C0E9324B0A54}
		{B4493FEA-D330-453B-ACDA-8CAE2F6451CC} = {FBD2504D-975E-4B64-B938-7DDD19C7DB9D}
		{1CBCA0EF-D16C-4BE6-9577-A0FC67E8B5F1} = {B4493FEA-D330-453B-ACDA-8CAE2F6451CC}
		{E5422D5C-ABD4-4150-BDF6-B823D746D157} = {60E0F62E-605A-48F2-BFCA-C63B45AB6335}
		{5C84BC3D-BEFC-4CC2-85B8-C3C4E286368A} = {E5422D5C-ABD4-4150-BDF6-B823D746D157}
	EndGlobalSection
	GlobalSection(ExtensibilityGlobals) = postSolution
		SolutionGuid = {4E464B40-8B3D-427D-BA61-053DB0B94967}
	EndGlobalSection
EndGlobal
